{
  "nodes": {
    "nixCats": {
      "locked": {
        "lastModified": 1762227818,
        "narHash": "sha256-GSnU4XJucZojGVBGY7djqsT37P9YViCMTVw58tsqrOs=",
        "owner": "BirdeeHub",
        "repo": "nixCats-nvim",
        "rev": "fa7991a4fa7d7227486910ce6724215b88eb8296",
        "type": "github"
      },
      "original": {
        "owner": "BirdeeHub",
        "repo": "nixCats-nvim",
        "type": "github"
      }
    },
    "nixpkgs": {
      "locked": {
        "lastModified": 1762482733,
        "narHash": "sha256-g/da4FzvckvbiZT075Sb1/YDNDr+tGQgh4N8i5ceYMg=",
        "owner": "nixos",
        "repo": "nixpkgs",
        "rev": "e1ebeec86b771e9d387dd02d82ffdc77ac753abc",
        "type": "github"
      },
      "original": {
        "owner": "nixos",
        "ref": "nixpkgs-unstable",
        "repo": "nixpkgs",
        "type": "github"
      }
    },
    "plugins-texlabconfig": {
      "flake": false,
      "locked": {
        "lastModified": 1740387439,
        "narHash": "sha256-1dvC0oPKFWFUWbl4204Y9yGOsAPwQeYwfcTFRPfhuNQ=",
        "owner": "f3fora",
        "repo": "nvim-texlabconfig",
        "rev": "bac44e8e4dfe37fc4f4ffba86e144fe5da2322e4",
        "type": "github"
      },
      "original": {
        "owner": "f3fora",
        "repo": "nvim-texlabconfig",
        "type": "github"
      }
    },
    "plugins-texmagic": {
      "flake": false,
      "locked": {
        "lastModified": 1652629419,
        "narHash": "sha256-+IltvS5R9st+b97PtEdDnflymSP2JFpmqlXOrnzTJqc=",
        "owner": "jakewvincent",
        "repo": "texmagic.nvim",
        "rev": "3c0d3b63c62486f02807663f5c5948e8b237b182",
        "type": "github"
      },
      "original": {
        "owner": "jakewvincent",
        "repo": "texmagic.nvim",
        "type": "github"
      }
    },
    "root": {
      "inputs": {
        "nixCats": "nixCats",
        "nixpkgs": "nixpkgs",
        "plugins-texlabconfig": "plugins-texlabconfig",
        "plugins-texmagic": "plugins-texmagic"
      }
    }
  },
  "root": "root",
  "version": 7
}
