{
  "nodes": {
    "nixCats": {
      "locked": {
        "lastModified": 1742304844,
        "narHash": "sha256-pSwGZ3gP4clPL+4HsuO8C0Eamqm5YujB3KppbblgS2U=",
        "owner": "BirdeeHub",
        "repo": "nixCats-nvim",
        "rev": "8e111ef1f2b5aa0cf8c35b22887da4aabe2e729f",
        "type": "github"
      },
      "original": {
        "owner": "BirdeeHub",
        "repo": "nixCats-nvim",
        "type": "github"
      }
    },
    "nixpkgs": {
      "locked": {
        "lastModified": 1742206328,
        "narHash": "sha256-q+AQ///oMnyyFzzF4H9ShSRENt3Zsx37jTiRkLkXXE0=",
        "owner": "nixos",
        "repo": "nixpkgs",
        "rev": "096478927c360bc18ea80c8274f013709cf7bdcd",
        "type": "github"
      },
      "original": {
        "owner": "nixos",
        "ref": "nixpkgs-unstable",
        "repo": "nixpkgs",
        "type": "github"
      }
    },
    "plugins-texlabconfig": {
      "flake": false,
      "locked": {
        "lastModified": 1740387439,
        "narHash": "sha256-1dvC0oPKFWFUWbl4204Y9yGOsAPwQeYwfcTFRPfhuNQ=",
        "owner": "f3fora",
        "repo": "nvim-texlabconfig",
        "rev": "bac44e8e4dfe37fc4f4ffba86e144fe5da2322e4",
        "type": "github"
      },
      "original": {
        "owner": "f3fora",
        "repo": "nvim-texlabconfig",
        "type": "github"
      }
    },
    "root": {
      "inputs": {
        "nixCats": "nixCats",
        "nixpkgs": "nixpkgs",
        "plugins-texlabconfig": "plugins-texlabconfig"
      }
    }
  },
  "root": "root",
  "version": 7
}
